// !$*UTF8*$!
{
	archiveVersion = 1;
	classes = {
	};
	objectVersion = 46;
	objects = {

/* Begin PBXBuildFile section */
		D3A10A461C894FFE00C605BA /* AppDelegate.swift in Sources */ = {isa = PBXBuildFile; fileRef = D3A10A451C894FFE00C605BA /* AppDelegate.swift */; };
		D3A10A481C894FFE00C605BA /* ExampleViewController.swift in Sources */ = {isa = PBXBuildFile; fileRef = D3A10A471C894FFE00C605BA /* ExampleViewController.swift */; };
		D3A10A4B1C894FFE00C605BA /* Main.storyboard in Resources */ = {isa = PBXBuildFile; fileRef = D3A10A491C894FFE00C605BA /* Main.storyboard */; };
		D3A10A4D1C894FFE00C605BA /* Assets.xcassets in Resources */ = {isa = PBXBuildFile; fileRef = D3A10A4C1C894FFE00C605BA /* Assets.xcassets */; };
		D3A10A701C89526B00C605BA /* MaskProgressView.framework in Frameworks */ = {isa = PBXBuildFile; fileRef = D3A10A6F1C89526B00C605BA /* MaskProgressView.framework */; };
		D3A10A711C89526B00C605BA /* MaskProgressView.framework in Embed Frameworks */ = {isa = PBXBuildFile; fileRef = D3A10A6F1C89526B00C605BA /* MaskProgressView.framework */; settings = {ATTRIBUTES = (CodeSignOnCopy, RemoveHeadersOnCopy, ); }; };
/* End PBXBuildFile section */

/* Begin PBXCopyFilesBuildPhase section */
		D3A10A721C89526B00C605BA /* Embed Frameworks */ = {
			isa = PBXCopyFilesBuildPhase;
			buildActionMask = 2147483647;
			dstPath = "";
			dstSubfolderSpec = 10;
			files = (
				D3A10A711C89526B00C605BA /* MaskProgressView.framework in Embed Frameworks */,
			);
			name = "Embed Frameworks";
			runOnlyForDeploymentPostprocessing = 0;
		};
/* End PBXCopyFilesBuildPhase section */

/* Begin PBXFileReference section */
		D3A10A421C894FFE00C605BA /* MaskProgressViewExample.app */ = {isa = PBXFileReference; explicitFileType = wrapper.application; includeInIndex = 0; path = MaskProgressViewExample.app; sourceTree = BUILT_PRODUCTS_DIR; };
		D3A10A451C894FFE00C605BA /* AppDelegate.swift */ = {isa = PBXFileReference; lastKnownFileType = sourcecode.swift; path = AppDelegate.swift; sourceTree = "<group>"; };
		D3A10A471C894FFE00C605BA /* ExampleViewController.swift */ = {isa = PBXFileReference; lastKnownFileType = sourcecode.swift; path = ExampleViewController.swift; sourceTree = "<group>"; };
		D3A10A4A1C894FFE00C605BA /* Base */ = {isa = PBXFileReference; lastKnownFileType = file.storyboard; name = Base; path = Base.lproj/Main.storyboard; sourceTree = "<group>"; };
		D3A10A4C1C894FFE00C605BA /* Assets.xcassets */ = {isa = PBXFileReference; lastKnownFileType = folder.assetcatalog; path = Assets.xcassets; sourceTree = "<group>"; };
		D3A10A511C894FFE00C605BA /* Info.plist */ = {isa = PBXFileReference; lastKnownFileType = text.plist.xml; path = Info.plist; sourceTree = "<group>"; };
		D3A10A6F1C89526B00C605BA /* MaskProgressView.framework */ = {isa = PBXFileReference; explicitFileType = wrapper.framework; name = MaskProgressView.framework; path = "/Users/hongxin/Library/Developer/Xcode/DerivedData/MaskProgressView-bkjyuhwcmcbnemcnccgjiddyafzi/Build/Products/Debug-iphoneos/MaskProgressView.framework"; sourceTree = "<absolute>"; };
/* End PBXFileReference section */

/* Begin PBXFrameworksBuildPhase section */
		D3A10A3F1C894FFE00C605BA /* Frameworks */ = {
			isa = PBXFrameworksBuildPhase;
			buildActionMask = 2147483647;
			files = (
				D3A10A701C89526B00C605BA /* MaskProgressView.framework in Frameworks */,
			);
			runOnlyForDeploymentPostprocessing = 0;
		};
/* End PBXFrameworksBuildPhase section */

/* Begin PBXGroup section */
		D3A10A391C894FFE00C605BA = {
			isa = PBXGroup;
			children = (
				D3A10A6F1C89526B00C605BA /* MaskProgressView.framework */,
				D3A10A441C894FFE00C605BA /* MaskProgressViewExample */,
				D3A10A431C894FFE00C605BA /* Products */,
			);
			sourceTree = "<group>";
		};
		D3A10A431C894FFE00C605BA /* Products */ = {
			isa = PBXGroup;
			children = (
				D3A10A421C894FFE00C605BA /* MaskProgressViewExample.app */,
			);
			name = Products;
			sourceTree = "<group>";
		};
		D3A10A441C894FFE00C605BA /* MaskProgressViewExample */ = {
			isa = PBXGroup;
			children = (
				D3A10A451C894FFE00C605BA /* AppDelegate.swift */,
				D3A10A471C894FFE00C605BA /* ExampleViewController.swift */,
				D3A10A491C894FFE00C605BA /* Main.storyboard */,
				D3A10A4C1C894FFE00C605BA /* Assets.xcassets */,
				D3A10A511C894FFE00C605BA /* Info.plist */,
			);
			path = MaskProgressViewExample;
			sourceTree = "<group>";
		};
/* End PBXGroup section */

/* Begin PBXNativeTarget section */
		D3A10A411C894FFE00C605BA /* MaskProgressViewExample */ = {
			isa = PBXNativeTarget;
			buildConfigurationList = D3A10A541C894FFE00C605BA /* Build configuration list for PBXNativeTarget "MaskProgressViewExample" */;
			buildPhases = (
				D3A10A3E1C894FFE00C605BA /* Sources */,
				D3A10A3F1C894FFE00C605BA /* Frameworks */,
				D3A10A401C894FFE00C605BA /* Resources */,
				D3A10A721C89526B00C605BA /* Embed Frameworks */,
			);
			buildRules = (
			);
			dependencies = (
			);
			name = MaskProgressViewExample;
			productName = MaskProgressView;
			productReference = D3A10A421C894FFE00C605BA /* MaskProgressViewExample.app */;
			productType = "com.apple.product-type.application";
		};
/* End PBXNativeTarget section */

/* Begin PBXProject section */
		D3A10A3A1C894FFE00C605BA /* Project object */ = {
			isa = PBXProject;
			attributes = {
				LastSwiftUpdateCheck = 0720;
				LastUpgradeCheck = 0900;
				ORGANIZATIONNAME = Teambition;
				TargetAttributes = {
					D3A10A411C894FFE00C605BA = {
						CreatedOnToolsVersion = 7.2.1;
						LastSwiftMigration = 0800;
					};
				};
			};
			buildConfigurationList = D3A10A3D1C894FFE00C605BA /* Build configuration list for PBXProject "MaskProgressViewExample" */;
			compatibilityVersion = "Xcode 3.2";
			developmentRegion = English;
			hasScannedForEncodings = 0;
			knownRegions = (
				en,
				Base,
			);
			mainGroup = D3A10A391C894FFE00C605BA;
			productRefGroup = D3A10A431C894FFE00C605BA /* Products */;
			projectDirPath = "";
			projectRoot = "";
			targets = (
				D3A10A411C894FFE00C605BA /* MaskProgressViewExample */,
			);
		};
/* End PBXProject section */

/* Begin PBXResourcesBuildPhase section */
		D3A10A401C894FFE00C605BA /* Resources */ = {
			isa = PBXResourcesBuildPhase;
			buildActionMask = 2147483647;
			files = (
				D3A10A4D1C894FFE00C605BA /* Assets.xcassets in Resources */,
				D3A10A4B1C894FFE00C605BA /* Main.storyboard in Resources */,
			);
			runOnlyForDeploymentPostprocessing = 0;
		};
/* End PBXResourcesBuildPhase section */

/* Begin PBXSourcesBuildPhase section */
		D3A10A3E1C894FFE00C605BA /* Sources */ = {
			isa = PBXSourcesBuildPhase;
			buildActionMask = 2147483647;
			files = (
				D3A10A481C894FFE00C605BA /* ExampleViewController.swift in Sources */,
				D3A10A461C894FFE00C605BA /* AppDelegate.swift in Sources */,
			);
			runOnlyForDeploymentPostprocessing = 0;
		};
/* End PBXSourcesBuildPhase section */

/* Begin PBXVariantGroup section */
		D3A10A491C894FFE00C605BA /* Main.storyboard */ = {
			isa = PBXVariantGroup;
			children = (
				D3A10A4A1C894FFE00C605BA /* Base */,
			);
			name = Main.storyboard;
			sourceTree = "<group>";
		};
/* End PBXVariantGroup section */

/* Begin XCBuildConfiguration section */
		D3A10A521C894FFE00C605BA /* Debug */ = {
			isa = XCBuildConfiguration;
			buildSettings = {
				ALWAYS_SEARCH_USER_PATHS = NO;
				CLANG_CXX_LANGUAGE_STANDARD = "gnu++0x";
				CLANG_CXX_LIBRARY = "libc++";
				CLANG_ENABLE_MODULES = YES;
				CLANG_ENABLE_OBJC_ARC = YES;
				CLANG_WARN_BLOCK_CAPTURE_AUTORELEASING = YES;
				CLANG_WARN_BOOL_CONVERSION = YES;
				CLANG_WARN_COMMA = YES;
				CLANG_WARN_CONSTANT_CONVERSION = YES;
				CLANG_WARN_DIRECT_OBJC_ISA_USAGE = YES_ERROR;
				CLANG_WARN_EMPTY_BODY = YES;
				CLANG_WARN_ENUM_CONVERSION = YES;
				CLANG_WARN_INFINITE_RECURSION = YES;
				CLANG_WARN_INT_CONVERSION = YES;
				CLANG_WARN_NON_LITERAL_NULL_CONVERSION = YES;
				CLANG_WARN_OBJC_LITERAL_CONVERSION = YES;
				CLANG_WARN_OBJC_ROOT_CLASS = YES_ERROR;
				CLANG_WARN_RANGE_LOOP_ANALYSIS = YES;
				CLANG_WARN_STRICT_PROTOTYPES = YES;
				CLANG_WARN_SUSPICIOUS_MOVE = YES;
				CLANG_WARN_UNREACHABLE_CODE = YES;
				CLANG_WARN__DUPLICATE_METHOD_MATCH = YES;
				"CODE_SIGN_IDENTITY[sdk=iphoneos*]" = "iPhone Developer";
				COPY_PHASE_STRIP = NO;
				DEBUG_INFORMATION_FORMAT = dwarf;
				ENABLE_STRICT_OBJC_MSGSEND = YES;
				ENABLE_TESTABILITY = YES;
				GCC_C_LANGUAGE_STANDARD = gnu99;
				GCC_DYNAMIC_NO_PIC = NO;
				GCC_NO_COMMON_BLOCKS = YES;
				GCC_OPTIMIZATION_LEVEL = 0;
				GCC_PREPROCESSOR_DEFINITIONS = (
					"DEBUG=1",
					"$(inherited)",
				);
				GCC_WARN_64_TO_32_BIT_CONVERSION = YES;
				GCC_WARN_ABOUT_RETURN_TYPE = YES_ERROR;
				GCC_WARN_UNDECLARED_SELECTOR = YES;
				GCC_WARN_UNINITIALIZED_AUTOS = YES_AGGRESSIVE;
				GCC_WARN_UNUSED_FUNCTION = YES;
				GCC_WARN_UNUSED_VARIABLE = YES;
				IPHONEOS_DEPLOYMENT_TARGET = 8.0;
				MTL_ENABLE_DEBUG_INFO = YES;
				ONLY_ACTIVE_ARCH = YES;
				SDKROOT = iphoneos;
				SWIFT_OPTIMIZATION_LEVEL = "-Onone";
				SWIFT_VERSION = 4.0;
				TARGETED_DEVICE_FAMILY = "1,2";
			};
			name = Debug;
		};
		D3A10A531C894FFE00C605BA /* Release */ = {
			isa = XCBuildConfiguration;
			buildSettings = {
				ALWAYS_SEARCH_USER_PATHS = NO;
				CLANG_CXX_LANGUAGE_STANDARD = "gnu++0x";
				CLANG_CXX_LIBRARY = "libc++";
				CLANG_ENABLE_MODULES = YES;
				CLANG_ENABLE_OBJC_ARC = YES;
				CLANG_WARN_BLOCK_CAPTURE_AUTORELEASING = YES;
				CLANG_WARN_BOOL_CONVERSION = YES;
				CLANG_WARN_COMMA = YES;
				CLANG_WARN_CONSTANT_CONVERSION = YES;
				CLANG_WARN_DIRECT_OBJC_ISA_USAGE = YES_ERROR;
				CLANG_WARN_EMPTY_BODY = YES;
				CLANG_WARN_ENUM_CONVERSION = YES;
				CLANG_WARN_INFINITE_RECURSION = YES;
				CLANG_WARN_INT_CONVERSION = YES;
				CLANG_WARN_NON_LITERAL_NULL_CONVERSION = YES;
				CLANG_WARN_OBJC_LITERAL_CONVERSION = YES;
				CLANG_WARN_OBJC_ROOT_CLASS = YES_ERROR;
				CLANG_WARN_RANGE_LOOP_ANALYSIS = YES;
				CLANG_WARN_STRICT_PROTOTYPES = YES;
				CLANG_WARN_SUSPICIOUS_MOVE = YES;
				CLANG_WARN_UNREACHABLE_CODE = YES;
				CLANG_WARN__DUPLICATE_METHOD_MATCH = YES;
				"CODE_SIGN_IDENTITY[sdk=iphoneos*]" = "iPhone Developer";
				COPY_PHASE_STRIP = NO;
				DEBUG_INFORMATION_FORMAT = "dwarf-with-dsym";
				ENABLE_NS_ASSERTIONS = NO;
				ENABLE_STRICT_OBJC_MSGSEND = YES;
				GCC_C_LANGUAGE_STANDARD = gnu99;
				GCC_NO_COMMON_BLOCKS = YES;
				GCC_WARN_64_TO_32_BIT_CONVERSION = YES;
				GCC_WARN_ABOUT_RETURN_TYPE = YES_ERROR;
				GCC_WARN_UNDECLARED_SELECTOR = YES;
				GCC_WARN_UNINITIALIZED_AUTOS = YES_AGGRESSIVE;
				GCC_WARN_UNUSED_FUNCTION = YES;
				GCC_WARN_UNUSED_VARIABLE = YES;
				IPHONEOS_DEPLOYMENT_TARGET = 8.0;
				MTL_ENABLE_DEBUG_INFO = NO;
				SDKROOT = iphoneos;
				SWIFT_OPTIMIZATION_LEVEL = "-Owholemodule";
				SWIFT_VERSION = 4.0;
				TARGETED_DEVICE_FAMILY = "1,2";
				VALIDATE_PRODUCT = YES;
			};
			name = Release;
		};
		D3A10A551C894FFE00C605BA /* Debug */ = {
			isa = XCBuildConfiguration;
			buildSettings = {
				ASSETCATALOG_COMPILER_APPICON_NAME = AppIcon;
				INFOPLIST_FILE = "$(SRCROOT)/MaskProgressViewExample/Info.plist";
				LD_RUNPATH_SEARCH_PATHS = "$(inherited) @executable_path/Frameworks";
				PRODUCT_BUNDLE_IDENTIFIER = Teambition.MaskProgressViewExample;
				PRODUCT_NAME = MaskProgressViewExample;
				SWIFT_VERSION = 4.0;
			};
			name = Debug;
		};
		D3A10A561C894FFE00C605BA /* Release */ = {
			isa = XCBuildConfiguration;
			buildSettings = {
				ASSETCATALOG_COMPILER_APPICON_NAME = AppIcon;
				INFOPLIST_FILE = "$(SRCROOT)/MaskProgressViewExample/Info.plist";
				LD_RUNPATH_SEARCH_PATHS = "$(inherited) @executable_path/Frameworks";
				PRODUCT_BUNDLE_IDENTIFIER = Teambition.MaskProgressViewExample;
				PRODUCT_NAME = MaskProgressViewExample;
				SWIFT_VERSION = 4.0;
			};
			name = Release;
		};
/* End XCBuildConfiguration section */

/* Begin XCConfigurationList section */
		D3A10A3D1C894FFE00C605BA /* Build configuration list for PBXProject "MaskProgressViewExample" */ = {
			isa = XCConfigurationList;
			buildConfigurations = (
				D3A10A521C894FFE00C605BA /* Debug */,
				D3A10A531C894FFE00C605BA /* Release */,
			);
			defaultConfigurationIsVisible = 0;
			defaultConfigurationName = Release;
		};
		D3A10A541C894FFE00C605BA /* Build configuration list for PBXNativeTarget "MaskProgressViewExample" */ = {
			isa = XCConfigurationList;
			buildConfigurations = (
				D3A10A551C894FFE00C605BA /* Debug */,
				D3A10A561C894FFE00C605BA /* Release */,
			);
			defaultConfigurationIsVisible = 0;
			defaultConfigurationName = Release;
		};
/* End XCConfigurationList section */
	};
	rootObject = D3A10A3A1C894FFE00C605BA /* Project object */;
}
